{
  "lockfileVersion": 1,
  "workspaces": {
    "": {
      "name": "aa-db",
      "dependencies": {
        "@inquirer/prompts": "^7.8.4",
        "chalk": "^4.1.0",
        "commander": "^14.0.0",
        "isomorphic-fetch": "^3.0.0",
        "lowdb": "^1.0.0",
        "node-fetch": "^2.6.1",
        "puppeteer": "^24.17.0",
        "tiny-invariant": "^1.3.3",
      },
      "devDependencies": {
        "@types/lowdb": "^1.0.9",
        "@types/node": "^14.14.31",
        "@types/node-fetch": "^2.5.8",
        "@types/puppeteer": "^7.0.4",
        "rimraf": "^3.0.2",
        "tslib": "^2.1.0",
        "typescript": "^4.1.5",
      },
    },
  },
  "packages": {
    "@babel/code-frame": ["@babel/code-frame@7.27.1", "", { "dependencies": { "@babel/helper-validator-identifier": "^7.27.1", "js-tokens": "^4.0.0", "picocolors": "^1.1.1" } }, "sha512-cjQ7ZlQ0Mv3b47hABuTevyTuYN4i+loJKGeV9flcCgIK37cCXRh+L1bd3iBHlynerhQ7BhCkn2BPbQUL+rGqFg=="],

    "@babel/helper-validator-identifier": ["@babel/helper-validator-identifier@7.27.1", "", {}, "sha512-D2hP9eA+Sqx1kBZgzxZh0y1trbuU+JoDkiEwqhQ36nodYqJwyEIhPSdMNd7lOm/4io72luTPWH20Yda0xOuUow=="],

    "@inquirer/checkbox": ["@inquirer/checkbox@4.2.2", "", { "dependencies": { "@inquirer/core": "^10.2.0", "@inquirer/figures": "^1.0.13", "@inquirer/type": "^3.0.8", "ansi-escapes": "^4.3.2", "yoctocolors-cjs": "^2.1.2" }, "peerDependencies": { "@types/node": ">=18" }, "optionalPeers": ["@types/node"] }, "sha512-E+KExNurKcUJJdxmjglTl141EwxWyAHplvsYJQgSwXf8qiNWkTxTuCCqmhFEmbIXd4zLaGMfQFJ6WrZ7fSeV3g=="],

    "@inquirer/confirm": ["@inquirer/confirm@5.1.16", "", { "dependencies": { "@inquirer/core": "^10.2.0", "@inquirer/type": "^3.0.8" }, "peerDependencies": { "@types/node": ">=18" }, "optionalPeers": ["@types/node"] }, "sha512-j1a5VstaK5KQy8Mu8cHmuQvN1Zc62TbLhjJxwHvKPPKEoowSF6h/0UdOpA9DNdWZ+9Inq73+puRq1df6OJ8Sag=="],

    "@inquirer/core": ["@inquirer/core@10.2.0", "", { "dependencies": { "@inquirer/figures": "^1.0.13", "@inquirer/type": "^3.0.8", "ansi-escapes": "^4.3.2", "cli-width": "^4.1.0", "mute-stream": "^2.0.0", "signal-exit": "^4.1.0", "wrap-ansi": "^6.2.0", "yoctocolors-cjs": "^2.1.2" }, "peerDependencies": { "@types/node": ">=18" }, "optionalPeers": ["@types/node"] }, "sha512-NyDSjPqhSvpZEMZrLCYUquWNl+XC/moEcVFqS55IEYIYsY0a1cUCevSqk7ctOlnm/RaSBU5psFryNlxcmGrjaA=="],

    "@inquirer/editor": ["@inquirer/editor@4.2.18", "", { "dependencies": { "@inquirer/core": "^10.2.0", "@inquirer/external-editor": "^1.0.1", "@inquirer/type": "^3.0.8" }, "peerDependencies": { "@types/node": ">=18" }, "optionalPeers": ["@types/node"] }, "sha512-yeQN3AXjCm7+Hmq5L6Dm2wEDeBRdAZuyZ4I7tWSSanbxDzqM0KqzoDbKM7p4ebllAYdoQuPJS6N71/3L281i6w=="],

    "@inquirer/expand": ["@inquirer/expand@4.0.18", "", { "dependencies": { "@inquirer/core": "^10.2.0", "@inquirer/type": "^3.0.8", "yoctocolors-cjs": "^2.1.2" }, "peerDependencies": { "@types/node": ">=18" }, "optionalPeers": ["@types/node"] }, "sha512-xUjteYtavH7HwDMzq4Cn2X4Qsh5NozoDHCJTdoXg9HfZ4w3R6mxV1B9tL7DGJX2eq/zqtsFjhm0/RJIMGlh3ag=="],

    "@inquirer/external-editor": ["@inquirer/external-editor@1.0.1", "", { "dependencies": { "chardet": "^2.1.0", "iconv-lite": "^0.6.3" }, "peerDependencies": { "@types/node": ">=18" }, "optionalPeers": ["@types/node"] }, "sha512-Oau4yL24d2B5IL4ma4UpbQigkVhzPDXLoqy1ggK4gnHg/stmkffJE4oOXHXF3uz0UEpywG68KcyXsyYpA1Re/Q=="],

    "@inquirer/figures": ["@inquirer/figures@1.0.13", "", {}, "sha512-lGPVU3yO9ZNqA7vTYz26jny41lE7yoQansmqdMLBEfqaGsmdg7V3W9mK9Pvb5IL4EVZ9GnSDGMO/cJXud5dMaw=="],

    "@inquirer/input": ["@inquirer/input@4.2.2", "", { "dependencies": { "@inquirer/core": "^10.2.0", "@inquirer/type": "^3.0.8" }, "peerDependencies": { "@types/node": ">=18" }, "optionalPeers": ["@types/node"] }, "sha512-hqOvBZj/MhQCpHUuD3MVq18SSoDNHy7wEnQ8mtvs71K8OPZVXJinOzcvQna33dNYLYE4LkA9BlhAhK6MJcsVbw=="],

    "@inquirer/number": ["@inquirer/number@3.0.18", "", { "dependencies": { "@inquirer/core": "^10.2.0", "@inquirer/type": "^3.0.8" }, "peerDependencies": { "@types/node": ">=18" }, "optionalPeers": ["@types/node"] }, "sha512-7exgBm52WXZRczsydCVftozFTrrwbG5ySE0GqUd2zLNSBXyIucs2Wnm7ZKLe/aUu6NUg9dg7Q80QIHCdZJiY4A=="],

    "@inquirer/password": ["@inquirer/password@4.0.18", "", { "dependencies": { "@inquirer/core": "^10.2.0", "@inquirer/type": "^3.0.8", "ansi-escapes": "^4.3.2" }, "peerDependencies": { "@types/node": ">=18" }, "optionalPeers": ["@types/node"] }, "sha512-zXvzAGxPQTNk/SbT3carAD4Iqi6A2JS2qtcqQjsL22uvD+JfQzUrDEtPjLL7PLn8zlSNyPdY02IiQjzoL9TStA=="],

    "@inquirer/prompts": ["@inquirer/prompts@7.8.4", "", { "dependencies": { "@inquirer/checkbox": "^4.2.2", "@inquirer/confirm": "^5.1.16", "@inquirer/editor": "^4.2.18", "@inquirer/expand": "^4.0.18", "@inquirer/input": "^4.2.2", "@inquirer/number": "^3.0.18", "@inquirer/password": "^4.0.18", "@inquirer/rawlist": "^4.1.6", "@inquirer/search": "^3.1.1", "@inquirer/select": "^4.3.2" }, "peerDependencies": { "@types/node": ">=18" }, "optionalPeers": ["@types/node"] }, "sha512-MuxVZ1en1g5oGamXV3DWP89GEkdD54alcfhHd7InUW5BifAdKQEK9SLFa/5hlWbvuhMPlobF0WAx7Okq988Jxg=="],

    "@inquirer/rawlist": ["@inquirer/rawlist@4.1.6", "", { "dependencies": { "@inquirer/core": "^10.2.0", "@inquirer/type": "^3.0.8", "yoctocolors-cjs": "^2.1.2" }, "peerDependencies": { "@types/node": ">=18" }, "optionalPeers": ["@types/node"] }, "sha512-KOZqa3QNr3f0pMnufzL7K+nweFFCCBs6LCXZzXDrVGTyssjLeudn5ySktZYv1XiSqobyHRYYK0c6QsOxJEhXKA=="],

    "@inquirer/search": ["@inquirer/search@3.1.1", "", { "dependencies": { "@inquirer/core": "^10.2.0", "@inquirer/figures": "^1.0.13", "@inquirer/type": "^3.0.8", "yoctocolors-cjs": "^2.1.2" }, "peerDependencies": { "@types/node": ">=18" }, "optionalPeers": ["@types/node"] }, "sha512-TkMUY+A2p2EYVY3GCTItYGvqT6LiLzHBnqsU1rJbrpXUijFfM6zvUx0R4civofVwFCmJZcKqOVwwWAjplKkhxA=="],

    "@inquirer/select": ["@inquirer/select@4.3.2", "", { "dependencies": { "@inquirer/core": "^10.2.0", "@inquirer/figures": "^1.0.13", "@inquirer/type": "^3.0.8", "ansi-escapes": "^4.3.2", "yoctocolors-cjs": "^2.1.2" }, "peerDependencies": { "@types/node": ">=18" }, "optionalPeers": ["@types/node"] }, "sha512-nwous24r31M+WyDEHV+qckXkepvihxhnyIaod2MG7eCE6G0Zm/HUF6jgN8GXgf4U7AU6SLseKdanY195cwvU6w=="],

    "@inquirer/type": ["@inquirer/type@3.0.8", "", { "peerDependencies": { "@types/node": ">=18" }, "optionalPeers": ["@types/node"] }, "sha512-lg9Whz8onIHRthWaN1Q9EGLa/0LFJjyM8mEUbL1eTi6yMGvBf8gvyDLtxSXztQsxMvhxxNpJYrwa1YHdq+w4Jw=="],

    "@puppeteer/browsers": ["@puppeteer/browsers@2.10.7", "", { "dependencies": { "debug": "^4.4.1", "extract-zip": "^2.0.1", "progress": "^2.0.3", "proxy-agent": "^6.5.0", "semver": "^7.7.2", "tar-fs": "^3.1.0", "yargs": "^17.7.2" }, "bin": { "browsers": "lib/cjs/main-cli.js" } }, "sha512-wHWLkQWBjHtajZeqCB74nsa/X70KheyOhySYBRmVQDJiNj0zjZR/naPCvdWjMhcG1LmjaMV/9WtTo5mpe8qWLw=="],

    "@tootallnate/quickjs-emscripten": ["@tootallnate/quickjs-emscripten@0.23.0", "", {}, "sha512-C5Mc6rdnsaJDjO3UpGW/CQTHtCKaYlScZTly4JIu97Jxo/odCiH0ITnDXSJPTOrEKk/ycSZ0AOgTmkDtkOsvIA=="],

    "@types/lodash": ["@types/lodash@4.17.20", "", {}, "sha512-H3MHACvFUEiujabxhaI/ImO6gUrd8oOurg7LQtS7mbwIXA/cUqWrvBsaeJ23aZEPk1TAYkurjfMbSELfoCXlGA=="],

    "@types/lowdb": ["@types/lowdb@1.0.15", "", { "dependencies": { "@types/lodash": "*" } }, "sha512-xaMNIveDCryK4UvnUJOc2BCOH0lPivdvWHrutsLryo9r9Id3RqZq2RDmT4eddiEPYzu7nJMw6nFIcVifcqjWqg=="],

    "@types/node": ["@types/node@14.18.63", "", {}, "sha512-fAtCfv4jJg+ExtXhvCkCqUKZ+4ok/JQk01qDKhL5BDDoS3AxKXhV5/MAVUZyQnSEd2GT92fkgZl0pz0Q0AzcIQ=="],

    "@types/node-fetch": ["@types/node-fetch@2.6.13", "", { "dependencies": { "@types/node": "*", "form-data": "^4.0.4" } }, "sha512-QGpRVpzSaUs30JBSGPjOg4Uveu384erbHBoT1zeONvyCfwQxIkUshLAOqN/k9EjGviPRmWTTe6aH2qySWKTVSw=="],

    "@types/puppeteer": ["@types/puppeteer@7.0.4", "", { "dependencies": { "puppeteer": "*" } }, "sha512-ja78vquZc8y+GM2al07GZqWDKQskQXygCDiu0e3uO0DMRKqE0MjrFBFmTulfPYzLB6WnL7Kl2tFPy0WXSpPomg=="],

    "@types/yauzl": ["@types/yauzl@2.10.3", "", { "dependencies": { "@types/node": "*" } }, "sha512-oJoftv0LSuaDZE3Le4DbKX+KS9G36NzOeSap90UIK0yMA/NhKJhqlSGtNDORNRaIbQfzjXDrQa0ytJ6mNRGz/Q=="],

    "agent-base": ["agent-base@7.1.4", "", {}, "sha512-MnA+YT8fwfJPgBx3m60MNqakm30XOkyIoH1y6huTQvC0PwZG7ki8NacLBcrPbNoo8vEZy7Jpuk7+jMO+CUovTQ=="],

    "ansi-escapes": ["ansi-escapes@4.3.2", "", { "dependencies": { "type-fest": "^0.21.3" } }, "sha512-gKXj5ALrKWQLsYG9jlTRmR/xKluxHV+Z9QEwNIgCfM1/uwPMCuzVVnh5mwTd+OuBZcwSIMbqssNWRm1lE51QaQ=="],

    "ansi-regex": ["ansi-regex@5.0.1", "", {}, "sha512-quJQXlTSUGL2LH9SUXo8VwsY4soanhgo6LNSm84E1LBcE8s3O0wpdiRzyR9z/ZZJMlMWv37qOOb9pdJlMUEKFQ=="],

    "ansi-styles": ["ansi-styles@4.3.0", "", { "dependencies": { "color-convert": "^2.0.1" } }, "sha512-zbB9rCJAT1rbjiVDb2hqKFHNYLxgtk8NURxZ3IZwD3F6NtxbXZQCnnSi1Lkx+IDohdPlFp222wVALIheZJQSEg=="],

    "argparse": ["argparse@2.0.1", "", {}, "sha512-8+9WqebbFzpX9OR+Wa6O29asIogeRMzcGtAINdpMHHyAg10f05aSFVBbcEqGf/PXw1EjAZ+q2/bEBg3DvurK3Q=="],

    "ast-types": ["ast-types@0.13.4", "", { "dependencies": { "tslib": "^2.0.1" } }, "sha512-x1FCFnFifvYDDzTaLII71vG5uvDwgtmDTEVWAxrgeiR8VjMONcCXJx7E+USjDtHlwFmt9MysbqgF9b9Vjr6w+w=="],

    "asynckit": ["asynckit@0.4.0", "", {}, "sha512-Oei9OH4tRh0YqU3GxhX79dM/mwVgvbZJaSNaRk+bshkj0S5cfHcgYakreBjrHwatXKbz+IoIdYLxrKim2MjW0Q=="],

    "b4a": ["b4a@1.6.7", "", {}, "sha512-OnAYlL5b7LEkALw87fUVafQw5rVR9RjwGd4KUwNQ6DrrNmaVaUCgLipfVlzrPQ4tWOR9P0IXGNOx50jYCCdSJg=="],

    "balanced-match": ["balanced-match@1.0.2", "", {}, "sha512-3oSeUO0TMV67hN1AmbXsK4yaqU7tjiHlbxRDZOpH0KW9+CeX4bRAaX0Anxt0tx2MrpRpWwQaPwIlISEJhYU5Pw=="],

    "bare-events": ["bare-events@2.6.1", "", {}, "sha512-AuTJkq9XmE6Vk0FJVNq5QxETrSA/vKHarWVBG5l/JbdCL1prJemiyJqUS0jrlXO0MftuPq4m3YVYhoNc5+aE/g=="],

    "bare-fs": ["bare-fs@4.2.1", "", { "dependencies": { "bare-events": "^2.5.4", "bare-path": "^3.0.0", "bare-stream": "^2.6.4" }, "peerDependencies": { "bare-buffer": "*" }, "optionalPeers": ["bare-buffer"] }, "sha512-mELROzV0IhqilFgsl1gyp48pnZsaV9xhQapHLDsvn4d4ZTfbFhcghQezl7FTEDNBcGqLUnNI3lUlm6ecrLWdFA=="],

    "bare-os": ["bare-os@3.6.2", "", {}, "sha512-T+V1+1srU2qYNBmJCXZkUY5vQ0B4FSlL3QDROnKQYOqeiQR8UbjNHlPa+TIbM4cuidiN9GaTaOZgSEgsvPbh5A=="],

    "bare-path": ["bare-path@3.0.0", "", { "dependencies": { "bare-os": "^3.0.1" } }, "sha512-tyfW2cQcB5NN8Saijrhqn0Zh7AnFNsnczRcuWODH0eYAXBsJ5gVxAUuNr7tsHSC6IZ77cA0SitzT+s47kot8Mw=="],

    "bare-stream": ["bare-stream@2.7.0", "", { "dependencies": { "streamx": "^2.21.0" }, "peerDependencies": { "bare-buffer": "*", "bare-events": "*" }, "optionalPeers": ["bare-buffer", "bare-events"] }, "sha512-oyXQNicV1y8nc2aKffH+BUHFRXmx6VrPzlnaEvMhram0nPBrKcEdcyBg5r08D0i8VxngHFAiVyn1QKXpSG0B8A=="],

    "basic-ftp": ["basic-ftp@5.0.5", "", {}, "sha512-4Bcg1P8xhUuqcii/S0Z9wiHIrQVPMermM1any+MX5GeGD7faD3/msQUDGLol9wOcz4/jbg/WJnGqoJF6LiBdtg=="],

    "brace-expansion": ["brace-expansion@1.1.12", "", { "dependencies": { "balanced-match": "^1.0.0", "concat-map": "0.0.1" } }, "sha512-9T9UjW3r0UW5c1Q7GTwllptXwhvYmEzFhzMfZ9H7FQWt+uZePjZPjBP/W1ZEyZ1twGWom5/56TF4lPcqjnDHcg=="],

    "buffer-crc32": ["buffer-crc32@0.2.13", "", {}, "sha512-VO9Ht/+p3SN7SKWqcrgEzjGbRSJYTx+Q1pTQC0wrWqHx0vpJraQ6GtHx8tvcg1rlK1byhU5gccxgOgj7B0TDkQ=="],

    "call-bind-apply-helpers": ["call-bind-apply-helpers@1.0.2", "", { "dependencies": { "es-errors": "^1.3.0", "function-bind": "^1.1.2" } }, "sha512-Sp1ablJ0ivDkSzjcaJdxEunN5/XvksFJ2sMBFfq6x0ryhQV/2b/KwFe21cMpmHtPOSij8K99/wSfoEuTObmuMQ=="],

    "callsites": ["callsites@3.1.0", "", {}, "sha512-P8BjAsXvZS+VIDUI11hHCQEv74YT67YUi5JJFNWIqL235sBmjX4+qx9Muvls5ivyNENctx46xQLQ3aTuE7ssaQ=="],

    "chalk": ["chalk@4.1.2", "", { "dependencies": { "ansi-styles": "^4.1.0", "supports-color": "^7.1.0" } }, "sha512-oKnbhFyRIXpUuez8iBMmyEa4nbj4IOQyuhc/wy9kY7/WVPcwIO9VA668Pu8RkO7+0G76SLROeyw9CpQ061i4mA=="],

    "chardet": ["chardet@2.1.0", "", {}, "sha512-bNFETTG/pM5ryzQ9Ad0lJOTa6HWD/YsScAR3EnCPZRPlQh77JocYktSHOUHelyhm8IARL+o4c4F1bP5KVOjiRA=="],

    "chromium-bidi": ["chromium-bidi@8.0.0", "", { "dependencies": { "mitt": "^3.0.1", "zod": "^3.24.1" }, "peerDependencies": { "devtools-protocol": "*" } }, "sha512-d1VmE0FD7lxZQHzcDUCKZSNRtRwISXDsdg4HjdTR5+Ll5nQ/vzU12JeNmupD6VWffrPSlrnGhEWlLESKH3VO+g=="],

    "cli-width": ["cli-width@4.1.0", "", {}, "sha512-ouuZd4/dm2Sw5Gmqy6bGyNNNe1qt9RpmxveLSO7KcgsTnU7RXfsw+/bukWGo1abgBiMAic068rclZsO4IWmmxQ=="],

    "cliui": ["cliui@8.0.1", "", { "dependencies": { "string-width": "^4.2.0", "strip-ansi": "^6.0.1", "wrap-ansi": "^7.0.0" } }, "sha512-BSeNnyus75C4//NQ9gQt1/csTXyo/8Sb+afLAkzAptFuMsod9HFokGNudZpi/oQV73hnVK+sR+5PVRMd+Dr7YQ=="],

    "color-convert": ["color-convert@2.0.1", "", { "dependencies": { "color-name": "~1.1.4" } }, "sha512-RRECPsj7iu/xb5oKYcsFHSppFNnsj/52OVTRKb4zP5onXwVF3zVmmToNcOfGC+CRDpfK/U584fMg38ZHCaElKQ=="],

    "color-name": ["color-name@1.1.4", "", {}, "sha512-dOy+3AuW3a2wNbZHIuMZpTcgjGuLU/uBL/ubcZF9OXbDo8ff4O8yVp5Bf0efS8uEoYo5q4Fx7dY9OgQGXgAsQA=="],

    "combined-stream": ["combined-stream@1.0.8", "", { "dependencies": { "delayed-stream": "~1.0.0" } }, "sha512-FQN4MRfuJeHf7cBbBMJFXhKSDq+2kAArBlmRBvcvFE5BB1HZKXtSFASDhdlz9zOYwxh8lDdnvmMOe/+5cdoEdg=="],

    "commander": ["commander@14.0.0", "", {}, "sha512-2uM9rYjPvyq39NwLRqaiLtWHyDC1FvryJDa2ATTVims5YAS4PupsEQsDvP14FqhFr0P49CYDugi59xaxJlTXRA=="],

    "concat-map": ["concat-map@0.0.1", "", {}, "sha512-/Srv4dswyQNBfohGpz9o6Yb3Gz3SrUDqBH5rTuhGR7ahtlbYKnVxw2bCFMRljaA7EXHaXZ8wsHdodFvbkhKmqg=="],

    "cosmiconfig": ["cosmiconfig@9.0.0", "", { "dependencies": { "env-paths": "^2.2.1", "import-fresh": "^3.3.0", "js-yaml": "^4.1.0", "parse-json": "^5.2.0" }, "peerDependencies": { "typescript": ">=4.9.5" }, "optionalPeers": ["typescript"] }, "sha512-itvL5h8RETACmOTFc4UfIyB2RfEHi71Ax6E/PivVxq9NseKbOWpeyHEOIbmAw1rs8Ak0VursQNww7lf7YtUwzg=="],

    "data-uri-to-buffer": ["data-uri-to-buffer@6.0.2", "", {}, "sha512-7hvf7/GW8e86rW0ptuwS3OcBGDjIi6SZva7hCyWC0yYry2cOPmLIjXAUHI6DK2HsnwJd9ifmt57i8eV2n4YNpw=="],

    "debug": ["debug@4.4.1", "", { "dependencies": { "ms": "^2.1.3" } }, "sha512-KcKCqiftBJcZr++7ykoDIEwSa3XWowTfNPo92BYxjXiyYEVrUQh2aLyhxBCwww+heortUFxEJYcRzosstTEBYQ=="],

    "degenerator": ["degenerator@5.0.1", "", { "dependencies": { "ast-types": "^0.13.4", "escodegen": "^2.1.0", "esprima": "^4.0.1" } }, "sha512-TllpMR/t0M5sqCXfj85i4XaAzxmS5tVA16dqvdkMwGmzI+dXLXnw3J+3Vdv7VKw+ThlTMboK6i9rnZ6Nntj5CQ=="],

    "delayed-stream": ["delayed-stream@1.0.0", "", {}, "sha512-ZySD7Nf91aLB0RxL4KGrKHBXl7Eds1DAmEdcoVawXnLD7SDhpNgtuII2aAkg7a7QS41jxPSZ17p4VdGnMHk3MQ=="],

    "devtools-protocol": ["devtools-protocol@0.0.1475386", "", {}, "sha512-RQ809ykTfJ+dgj9bftdeL2vRVxASAuGU+I9LEx9Ij5TXU5HrgAQVmzi72VA+mkzscE12uzlRv5/tWWv9R9J1SA=="],

    "dunder-proto": ["dunder-proto@1.0.1", "", { "dependencies": { "call-bind-apply-helpers": "^1.0.1", "es-errors": "^1.3.0", "gopd": "^1.2.0" } }, "sha512-KIN/nDJBQRcXw0MLVhZE9iQHmG68qAVIBg9CqmUYjmQIhgij9U5MFvrqkUL5FbtyyzZuOeOt0zdeRe4UY7ct+A=="],

    "emoji-regex": ["emoji-regex@8.0.0", "", {}, "sha512-MSjYzcWNOA0ewAHpz0MxpYFvwg6yjy1NG3xteoqz644VCo/RPgnr1/GGt+ic3iJTzQ8Eu3TdM14SawnVUmGE6A=="],

    "end-of-stream": ["end-of-stream@1.4.5", "", { "dependencies": { "once": "^1.4.0" } }, "sha512-ooEGc6HP26xXq/N+GCGOT0JKCLDGrq2bQUZrQ7gyrJiZANJ/8YDTxTpQBXGMn+WbIQXNVpyWymm7KYVICQnyOg=="],

    "env-paths": ["env-paths@2.2.1", "", {}, "sha512-+h1lkLKhZMTYjog1VEpJNG7NZJWcuc2DDk/qsqSTRRCOXiLjeQ1d1/udrUGhqMxUgAlwKNZ0cf2uqan5GLuS2A=="],

    "error-ex": ["error-ex@1.3.2", "", { "dependencies": { "is-arrayish": "^0.2.1" } }, "sha512-7dFHNmqeFSEt2ZBsCriorKnn3Z2pj+fd9kmI6QoWw4//DL+icEBfc0U7qJCisqrTsKTjw4fNFy2pW9OqStD84g=="],

    "es-define-property": ["es-define-property@1.0.1", "", {}, "sha512-e3nRfgfUZ4rNGL232gUgX06QNyyez04KdjFrF+LTRoOXmrOgFKDg4BCdsjW8EnT69eqdYGmRpJwiPVYNrCaW3g=="],

    "es-errors": ["es-errors@1.3.0", "", {}, "sha512-Zf5H2Kxt2xjTvbJvP2ZWLEICxA6j+hAmMzIlypy4xcBg1vKVnx89Wy0GbS+kf5cwCVFFzdCFh2XSCFNULS6csw=="],

    "es-object-atoms": ["es-object-atoms@1.1.1", "", { "dependencies": { "es-errors": "^1.3.0" } }, "sha512-FGgH2h8zKNim9ljj7dankFPcICIK9Cp5bm+c2gQSYePhpaG5+esrLODihIorn+Pe6FGJzWhXQotPv73jTaldXA=="],

    "es-set-tostringtag": ["es-set-tostringtag@2.1.0", "", { "dependencies": { "es-errors": "^1.3.0", "get-intrinsic": "^1.2.6", "has-tostringtag": "^1.0.2", "hasown": "^2.0.2" } }, "sha512-j6vWzfrGVfyXxge+O0x5sh6cvxAog0a/4Rdd2K36zCMV5eJ+/+tOAngRO8cODMNWbVRdVlmGZQL2YS3yR8bIUA=="],

    "escalade": ["escalade@3.2.0", "", {}, "sha512-WUj2qlxaQtO4g6Pq5c29GTcWGDyd8itL8zTlipgECz3JesAiiOKotd8JU6otB3PACgG6xkJUyVhboMS+bje/jA=="],

    "escodegen": ["escodegen@2.1.0", "", { "dependencies": { "esprima": "^4.0.1", "estraverse": "^5.2.0", "esutils": "^2.0.2" }, "optionalDependencies": { "source-map": "~0.6.1" }, "bin": { "esgenerate": "bin/esgenerate.js", "escodegen": "bin/escodegen.js" } }, "sha512-2NlIDTwUWJN0mRPQOdtQBzbUHvdGY2P1VXSyU83Q3xKxM7WHX2Ql8dKq782Q9TgQUNOLEzEYu9bzLNj1q88I5w=="],

    "esprima": ["esprima@4.0.1", "", { "bin": { "esparse": "./bin/esparse.js", "esvalidate": "./bin/esvalidate.js" } }, "sha512-eGuFFw7Upda+g4p+QHvnW0RyTX/SVeJBDM/gCtMARO0cLuT2HcEKnTPvhjV6aGeqrCB/sbNop0Kszm0jsaWU4A=="],

    "estraverse": ["estraverse@5.3.0", "", {}, "sha512-MMdARuVEQziNTeJD8DgMqmhwR11BRQ/cBP+pLtYdSTnf3MIO8fFeiINEbX36ZdNlfU/7A9f3gUw49B3oQsvwBA=="],

    "esutils": ["esutils@2.0.3", "", {}, "sha512-kVscqXk4OCp68SZ0dkgEKVi6/8ij300KBWTJq32P/dYeWTSwK41WyTxalN1eRmA5Z9UU/LX9D7FWSmV9SAYx6g=="],

    "extract-zip": ["extract-zip@2.0.1", "", { "dependencies": { "debug": "^4.1.1", "get-stream": "^5.1.0", "yauzl": "^2.10.0" }, "optionalDependencies": { "@types/yauzl": "^2.9.1" }, "bin": { "extract-zip": "cli.js" } }, "sha512-GDhU9ntwuKyGXdZBUgTIe+vXnWj0fppUEtMDL0+idd5Sta8TGpHssn/eusA9mrPr9qNDym6SxAYZjNvCn/9RBg=="],

    "fast-fifo": ["fast-fifo@1.3.2", "", {}, "sha512-/d9sfos4yxzpwkDkuN7k2SqFKtYNmCTzgfEpz82x34IM9/zc8KGxQoXg1liNC/izpRM/MBdt44Nmx41ZWqk+FQ=="],

    "fd-slicer": ["fd-slicer@1.1.0", "", { "dependencies": { "pend": "~1.2.0" } }, "sha512-cE1qsB/VwyQozZ+q1dGxR8LBYNZeofhEdUNGSMbQD3Gw2lAzX9Zb3uIU6Ebc/Fmyjo9AWWfnn0AUCHqtevs/8g=="],

    "form-data": ["form-data@4.0.4", "", { "dependencies": { "asynckit": "^0.4.0", "combined-stream": "^1.0.8", "es-set-tostringtag": "^2.1.0", "hasown": "^2.0.2", "mime-types": "^2.1.12" } }, "sha512-KrGhL9Q4zjj0kiUt5OO4Mr/A/jlI2jDYs5eHBpYHPcBEVSiipAvn2Ko2HnPe20rmcuuvMHNdZFp+4IlGTMF0Ow=="],

    "fs.realpath": ["fs.realpath@1.0.0", "", {}, "sha512-OO0pH2lK6a0hZnAdau5ItzHPI6pUlvI7jMVnxUQRtw4owF2wk8lOSabtGDCTP4Ggrg2MbGnWO9X8K1t4+fGMDw=="],

    "function-bind": ["function-bind@1.1.2", "", {}, "sha512-7XHNxH7qX9xG5mIwxkhumTox/MIRNcOgDrxWsMt2pAr23WHp6MrRlN7FBSFpCpr+oVO0F744iUgR82nJMfG2SA=="],

    "get-caller-file": ["get-caller-file@2.0.5", "", {}, "sha512-DyFP3BM/3YHTQOCUL/w0OZHR0lpKeGrxotcHWcqNEdnltqFwXVfhEBQ94eIo34AfQpo0rGki4cyIiftY06h2Fg=="],

    "get-intrinsic": ["get-intrinsic@1.3.0", "", { "dependencies": { "call-bind-apply-helpers": "^1.0.2", "es-define-property": "^1.0.1", "es-errors": "^1.3.0", "es-object-atoms": "^1.1.1", "function-bind": "^1.1.2", "get-proto": "^1.0.1", "gopd": "^1.2.0", "has-symbols": "^1.1.0", "hasown": "^2.0.2", "math-intrinsics": "^1.1.0" } }, "sha512-9fSjSaos/fRIVIp+xSJlE6lfwhES7LNtKaCBIamHsjr2na1BiABJPo0mOjjz8GJDURarmCPGqaiVg5mfjb98CQ=="],

    "get-proto": ["get-proto@1.0.1", "", { "dependencies": { "dunder-proto": "^1.0.1", "es-object-atoms": "^1.0.0" } }, "sha512-sTSfBjoXBp89JvIKIefqw7U2CCebsc74kiY6awiGogKtoSGbgjYE/G/+l9sF3MWFPNc9IcoOC4ODfKHfxFmp0g=="],

    "get-stream": ["get-stream@5.2.0", "", { "dependencies": { "pump": "^3.0.0" } }, "sha512-nBF+F1rAZVCu/p7rjzgA+Yb4lfYXrpl7a6VmJrU8wF9I1CKvP/QwPNZHnOlwbTkY6dvtFIzFMSyQXbLoTQPRpA=="],

    "get-uri": ["get-uri@6.0.5", "", { "dependencies": { "basic-ftp": "^5.0.2", "data-uri-to-buffer": "^6.0.2", "debug": "^4.3.4" } }, "sha512-b1O07XYq8eRuVzBNgJLstU6FYc1tS6wnMtF1I1D9lE8LxZSOGZ7LhxN54yPP6mGw5f2CkXY2BQUL9Fx41qvcIg=="],

    "glob": ["glob@7.2.3", "", { "dependencies": { "fs.realpath": "^1.0.0", "inflight": "^1.0.4", "inherits": "2", "minimatch": "^3.1.1", "once": "^1.3.0", "path-is-absolute": "^1.0.0" } }, "sha512-nFR0zLpU2YCaRxwoCJvL6UvCH2JFyFVIvwTLsIf21AuHlMskA1hhTdk+LlYJtOlYt9v6dvszD2BGRqBL+iQK9Q=="],

    "gopd": ["gopd@1.2.0", "", {}, "sha512-ZUKRh6/kUFoAiTAtTYPZJ3hw9wNxx+BIBOijnlG9PnrJsCcSjs1wyyD6vJpaYtgnzDrKYRSqf3OO6Rfa93xsRg=="],

    "graceful-fs": ["graceful-fs@4.2.11", "", {}, "sha512-RbJ5/jmFcNNCcDV5o9eTnBLJ/HszWV0P73bc+Ff4nS/rJj+YaS6IGyiOL0VoBYX+l1Wrl3k63h/KrH+nhJ0XvQ=="],

    "has-flag": ["has-flag@4.0.0", "", {}, "sha512-EykJT/Q1KjTWctppgIAgfSO0tKVuZUjhgMr17kqTumMl6Afv3EISleU7qZUzoXDFTAHTDC4NOoG/ZxU3EvlMPQ=="],

    "has-symbols": ["has-symbols@1.1.0", "", {}, "sha512-1cDNdwJ2Jaohmb3sg4OmKaMBwuC48sYni5HUw2DvsC8LjGTLK9h+eb1X6RyuOHe4hT0ULCW68iomhjUoKUqlPQ=="],

    "has-tostringtag": ["has-tostringtag@1.0.2", "", { "dependencies": { "has-symbols": "^1.0.3" } }, "sha512-NqADB8VjPFLM2V0VvHUewwwsw0ZWBaIdgo+ieHtK3hasLz4qeCRjYcqfB6AQrBggRKppKF8L52/VqdVsO47Dlw=="],

    "hasown": ["hasown@2.0.2", "", { "dependencies": { "function-bind": "^1.1.2" } }, "sha512-0hJU9SCPvmMzIBdZFqNPXWa6dqh7WdH0cII9y+CyS8rG3nL48Bclra9HmKhVVUHyPWNH5Y7xDwAB7bfgSjkUMQ=="],

    "http-proxy-agent": ["http-proxy-agent@7.0.2", "", { "dependencies": { "agent-base": "^7.1.0", "debug": "^4.3.4" } }, "sha512-T1gkAiYYDWYx3V5Bmyu7HcfcvL7mUrTWiM6yOfa3PIphViJ/gFPbvidQ+veqSOHci/PxBcDabeUNCzpOODJZig=="],

    "https-proxy-agent": ["https-proxy-agent@7.0.6", "", { "dependencies": { "agent-base": "^7.1.2", "debug": "4" } }, "sha512-vK9P5/iUfdl95AI+JVyUuIcVtd4ofvtrOr3HNtM2yxC9bnMbEdp3x01OhQNnjb8IJYi38VlTE3mBXwcfvywuSw=="],

    "iconv-lite": ["iconv-lite@0.6.3", "", { "dependencies": { "safer-buffer": ">= 2.1.2 < 3.0.0" } }, "sha512-4fCk79wshMdzMp2rH06qWrJE4iolqLhCUH+OiuIgU++RB0+94NlDL81atO7GX55uUKueo0txHNtvEyI6D7WdMw=="],

    "import-fresh": ["import-fresh@3.3.1", "", { "dependencies": { "parent-module": "^1.0.0", "resolve-from": "^4.0.0" } }, "sha512-TR3KfrTZTYLPB6jUjfx6MF9WcWrHL9su5TObK4ZkYgBdWKPOFoSoQIdEuTuR82pmtxH2spWG9h6etwfr1pLBqQ=="],

    "inflight": ["inflight@1.0.6", "", { "dependencies": { "once": "^1.3.0", "wrappy": "1" } }, "sha512-k92I/b08q4wvFscXCLvqfsHCrjrF7yiXsQuIVvVE7N82W3+aqpzuUdBbfhWcy/FZR3/4IgflMgKLOsvPDrGCJA=="],

    "inherits": ["inherits@2.0.4", "", {}, "sha512-k/vGaX4/Yla3WzyMCvTQOXYeIHvqOKtnqBduzTHpzpQZzAskKMhZ2K+EnBiSM9zGSoIFeMpXKxa4dYeZIQqewQ=="],

    "ip-address": ["ip-address@10.0.1", "", {}, "sha512-NWv9YLW4PoW2B7xtzaS3NCot75m6nK7Icdv0o3lfMceJVRfSoQwqD4wEH5rLwoKJwUiZ/rfpiVBhnaF0FK4HoA=="],

    "is-arrayish": ["is-arrayish@0.2.1", "", {}, "sha512-zz06S8t0ozoDXMG+ube26zeCTNXcKIPJZJi8hBrF4idCLms4CG9QtK7qBl1boi5ODzFpjswb5JPmHCbMpjaYzg=="],

    "is-fullwidth-code-point": ["is-fullwidth-code-point@3.0.0", "", {}, "sha512-zymm5+u+sCsSWyD9qNaejV3DFvhCKclKdizYaJUuHA83RLjb7nSuGnddCHGv0hk+KY7BMAlsWeK4Ueg6EV6XQg=="],

    "is-promise": ["is-promise@2.2.2", "", {}, "sha512-+lP4/6lKUBfQjZ2pdxThZvLUAafmZb8OAxFb8XXtiQmS35INgr85hdOGoEs124ez1FCnZJt6jau/T+alh58QFQ=="],

    "isomorphic-fetch": ["isomorphic-fetch@3.0.0", "", { "dependencies": { "node-fetch": "^2.6.1", "whatwg-fetch": "^3.4.1" } }, "sha512-qvUtwJ3j6qwsF3jLxkZ72qCgjMysPzDfeV240JHiGZsANBYd+EEuu35v7dfrJ9Up0Ak07D7GGSkGhCHTqg/5wA=="],

    "js-tokens": ["js-tokens@4.0.0", "", {}, "sha512-RdJUflcE3cUzKiMqQgsCu06FPu9UdIJO0beYbPhHN4k6apgJtifcoCtT9bcxOpYBtpD2kCM6Sbzg4CausW/PKQ=="],

    "js-yaml": ["js-yaml@4.1.0", "", { "dependencies": { "argparse": "^2.0.1" }, "bin": { "js-yaml": "bin/js-yaml.js" } }, "sha512-wpxZs9NoxZaJESJGIZTyDEaYpl0FKSA+FB9aJiyemKhMwkxQg63h4T1KJgUGHpTqPDNRcmmYLugrRjJlBtWvRA=="],

    "json-parse-even-better-errors": ["json-parse-even-better-errors@2.3.1", "", {}, "sha512-xyFwyhro/JEof6Ghe2iz2NcXoj2sloNsWr/XsERDK/oiPCfaNhl5ONfp+jQdAZRQQ0IJWNzH9zIZF7li91kh2w=="],

    "lines-and-columns": ["lines-and-columns@1.2.4", "", {}, "sha512-7ylylesZQ/PV29jhEDl3Ufjo6ZX7gCqJr5F7PKrqc93v7fzSymt1BpwEU8nAUXs8qzzvqhbjhK5QZg6Mt/HkBg=="],

    "lodash": ["lodash@4.17.21", "", {}, "sha512-v2kDEe57lecTulaDIuNTPy3Ry4gLGJ6Z1O3vE1krgXZNrsQ+LFTGHVxVjcXPs17LhbZVGedAJv8XZ1tvj5FvSg=="],

    "lowdb": ["lowdb@1.0.0", "", { "dependencies": { "graceful-fs": "^4.1.3", "is-promise": "^2.1.0", "lodash": "4", "pify": "^3.0.0", "steno": "^0.4.1" } }, "sha512-2+x8esE/Wb9SQ1F9IHaYWfsC9FIecLOPrK4g17FGEayjUWH172H6nwicRovGvSE2CPZouc2MCIqCI7h9d+GftQ=="],

    "lru-cache": ["lru-cache@7.18.3", "", {}, "sha512-jumlc0BIUrS3qJGgIkWZsyfAM7NCWiBcCDhnd+3NNM5KbBmLTgHVfWBcg6W+rLUsIpzpERPsvwUP7CckAQSOoA=="],

    "math-intrinsics": ["math-intrinsics@1.1.0", "", {}, "sha512-/IXtbwEk5HTPyEwyKX6hGkYXxM9nbj64B+ilVJnC/R6B0pH5G4V3b0pVbL7DBj4tkhBAppbQUlf6F6Xl9LHu1g=="],

    "mime-db": ["mime-db@1.52.0", "", {}, "sha512-sPU4uV7dYlvtWJxwwxHD0PuihVNiE7TyAbQ5SWxDCB9mUYvOgroQOwYQQOKPJ8CIbE+1ETVlOoK1UC2nU3gYvg=="],

    "mime-types": ["mime-types@2.1.35", "", { "dependencies": { "mime-db": "1.52.0" } }, "sha512-ZDY+bPm5zTTF+YpCrAU9nK0UgICYPT0QtT1NZWFv4s++TNkcgVaT0g6+4R2uI4MjQjzysHB1zxuWL50hzaeXiw=="],

    "minimatch": ["minimatch@3.1.2", "", { "dependencies": { "brace-expansion": "^1.1.7" } }, "sha512-J7p63hRiAjw1NDEww1W7i37+ByIrOWO5XQQAzZ3VOcL0PNybwpfmV/N05zFAzwQ9USyEcX6t3UO+K5aqBQOIHw=="],

    "mitt": ["mitt@3.0.1", "", {}, "sha512-vKivATfr97l2/QBCYAkXYDbrIWPM2IIKEl7YPhjCvKlG3kE2gm+uBo6nEXK3M5/Ffh/FLpKExzOQ3JJoJGFKBw=="],

    "ms": ["ms@2.1.3", "", {}, "sha512-6FlzubTLZG3J2a/NVCAleEhjzq5oxgHyaCU9yYXvcLsvoVaHJq/s5xXI6/XXP6tz7R9xAOtHnSO/tXtF3WRTlA=="],

    "mute-stream": ["mute-stream@2.0.0", "", {}, "sha512-WWdIxpyjEn+FhQJQQv9aQAYlHoNVdzIzUySNV1gHUPDSdZJ3yZn7pAAbQcV7B56Mvu881q9FZV+0Vx2xC44VWA=="],

    "netmask": ["netmask@2.0.2", "", {}, "sha512-dBpDMdxv9Irdq66304OLfEmQ9tbNRFnFTuZiLo+bD+r332bBmMJ8GBLXklIXXgxd3+v9+KUnZaUR5PJMa75Gsg=="],

    "node-fetch": ["node-fetch@2.7.0", "", { "dependencies": { "whatwg-url": "^5.0.0" }, "peerDependencies": { "encoding": "^0.1.0" }, "optionalPeers": ["encoding"] }, "sha512-c4FRfUm/dbcWZ7U+1Wq0AwCyFL+3nt2bEw05wfxSz+DWpWsitgmSgYmy2dQdWyKC1694ELPqMs/YzUSNozLt8A=="],

    "once": ["once@1.4.0", "", { "dependencies": { "wrappy": "1" } }, "sha512-lNaJgI+2Q5URQBkccEKHTQOPaXdUxnZZElQTZY0MFUAuaEqe1E+Nyvgdz/aIyNi6Z9MzO5dv1H8n58/GELp3+w=="],

    "pac-proxy-agent": ["pac-proxy-agent@7.2.0", "", { "dependencies": { "@tootallnate/quickjs-emscripten": "^0.23.0", "agent-base": "^7.1.2", "debug": "^4.3.4", "get-uri": "^6.0.1", "http-proxy-agent": "^7.0.0", "https-proxy-agent": "^7.0.6", "pac-resolver": "^7.0.1", "socks-proxy-agent": "^8.0.5" } }, "sha512-TEB8ESquiLMc0lV8vcd5Ql/JAKAoyzHFXaStwjkzpOpC5Yv+pIzLfHvjTSdf3vpa2bMiUQrg9i6276yn8666aA=="],

    "pac-resolver": ["pac-resolver@7.0.1", "", { "dependencies": { "degenerator": "^5.0.0", "netmask": "^2.0.2" } }, "sha512-5NPgf87AT2STgwa2ntRMr45jTKrYBGkVU36yT0ig/n/GMAa3oPqhZfIQ2kMEimReg0+t9kZViDVZ83qfVUlckg=="],

    "parent-module": ["parent-module@1.0.1", "", { "dependencies": { "callsites": "^3.0.0" } }, "sha512-GQ2EWRpQV8/o+Aw8YqtfZZPfNRWZYkbidE9k5rpl/hC3vtHHBfGm2Ifi6qWV+coDGkrUKZAxE3Lot5kcsRlh+g=="],

    "parse-json": ["parse-json@5.2.0", "", { "dependencies": { "@babel/code-frame": "^7.0.0", "error-ex": "^1.3.1", "json-parse-even-better-errors": "^2.3.0", "lines-and-columns": "^1.1.6" } }, "sha512-ayCKvm/phCGxOkYRSCM82iDwct8/EonSEgCSxWxD7ve6jHggsFl4fZVQBPRNgQoKiuV/odhFrGzQXZwbifC8Rg=="],

    "path-is-absolute": ["path-is-absolute@1.0.1", "", {}, "sha512-AVbw3UJ2e9bq64vSaS9Am0fje1Pa8pbGqTTsmXfaIiMpnr5DlDhfJOuLj9Sf95ZPVDAUerDfEk88MPmPe7UCQg=="],

    "pend": ["pend@1.2.0", "", {}, "sha512-F3asv42UuXchdzt+xXqfW1OGlVBe+mxa2mqI0pg5yAHZPvFmY3Y6drSf/GQ1A86WgWEN9Kzh/WrgKa6iGcHXLg=="],

    "picocolors": ["picocolors@1.1.1", "", {}, "sha512-xceH2snhtb5M9liqDsmEw56le376mTZkEX/jEb/RxNFyegNul7eNslCXP9FDj/Lcu0X8KEyMceP2ntpaHrDEVA=="],

    "pify": ["pify@3.0.0", "", {}, "sha512-C3FsVNH1udSEX48gGX1xfvwTWfsYWj5U+8/uK15BGzIGrKoUpghX8hWZwa/OFnakBiiVNmBvemTJR5mcy7iPcg=="],

    "progress": ["progress@2.0.3", "", {}, "sha512-7PiHtLll5LdnKIMw100I+8xJXR5gW2QwWYkT6iJva0bXitZKa/XMrSbdmg3r2Xnaidz9Qumd0VPaMrZlF9V9sA=="],

    "proxy-agent": ["proxy-agent@6.5.0", "", { "dependencies": { "agent-base": "^7.1.2", "debug": "^4.3.4", "http-proxy-agent": "^7.0.1", "https-proxy-agent": "^7.0.6", "lru-cache": "^7.14.1", "pac-proxy-agent": "^7.1.0", "proxy-from-env": "^1.1.0", "socks-proxy-agent": "^8.0.5" } }, "sha512-TmatMXdr2KlRiA2CyDu8GqR8EjahTG3aY3nXjdzFyoZbmB8hrBsTyMezhULIXKnC0jpfjlmiZ3+EaCzoInSu/A=="],

    "proxy-from-env": ["proxy-from-env@1.1.0", "", {}, "sha512-D+zkORCbA9f1tdWRK0RaCR3GPv50cMxcrz4X8k5LTSUD1Dkw47mKJEZQNunItRTkWwgtaUSo1RVFRIG9ZXiFYg=="],

    "pump": ["pump@3.0.3", "", { "dependencies": { "end-of-stream": "^1.1.0", "once": "^1.3.1" } }, "sha512-todwxLMY7/heScKmntwQG8CXVkWUOdYxIvY2s0VWAAMh/nd8SoYiRaKjlr7+iCs984f2P8zvrfWcDDYVb73NfA=="],

    "puppeteer": ["puppeteer@24.17.0", "", { "dependencies": { "@puppeteer/browsers": "2.10.7", "chromium-bidi": "8.0.0", "cosmiconfig": "^9.0.0", "devtools-protocol": "0.0.1475386", "puppeteer-core": "24.17.0", "typed-query-selector": "^2.12.0" }, "bin": { "puppeteer": "lib/cjs/puppeteer/node/cli.js" } }, "sha512-CGrmJ8WgilK3nyE73k+pbxHggETPpEvL6AQ9H5JSK1RgZRGMQVJ+iO3MocGm9yBQXQJ9U5xijyLvkYXFeb0/+g=="],

    "puppeteer-core": ["puppeteer-core@24.17.0", "", { "dependencies": { "@puppeteer/browsers": "2.10.7", "chromium-bidi": "8.0.0", "debug": "^4.4.1", "devtools-protocol": "0.0.1475386", "typed-query-selector": "^2.12.0", "ws": "^8.18.3" } }, "sha512-RYOBKFiF+3RdwIZTEacqNpD567gaFcBAOKTT7742FdB1icXudrPI7BlZbYTYWK2wgGQUXt9Zi1Yn+D5PmCs4CA=="],

    "require-directory": ["require-directory@2.1.1", "", {}, "sha512-fGxEI7+wsG9xrvdjsrlmL22OMTTiHRwAMroiEeMgq8gzoLC/PQr7RsRDSTLUg/bZAZtF+TVIkHc6/4RIKrui+Q=="],

    "resolve-from": ["resolve-from@4.0.0", "", {}, "sha512-pb/MYmXstAkysRFx8piNI1tGFNQIFA3vkE3Gq4EuA1dF6gHp/+vgZqsCGJapvy8N3Q+4o7FwvquPJcnZ7RYy4g=="],

    "rimraf": ["rimraf@3.0.2", "", { "dependencies": { "glob": "^7.1.3" }, "bin": { "rimraf": "bin.js" } }, "sha512-JZkJMZkAGFFPP2YqXZXPbMlMBgsxzE8ILs4lMIX/2o0L9UBw9O/Y3o6wFw/i9YLapcUJWwqbi3kdxIPdC62TIA=="],

    "safer-buffer": ["safer-buffer@2.1.2", "", {}, "sha512-YZo3K82SD7Riyi0E1EQPojLz7kpepnSQI9IyPbHHg1XXXevb5dJI7tpyN2ADxGcQbHG7vcyRHk0cbwqcQriUtg=="],

    "semver": ["semver@7.7.2", "", { "bin": { "semver": "bin/semver.js" } }, "sha512-RF0Fw+rO5AMf9MAyaRXI4AV0Ulj5lMHqVxxdSgiVbixSCXoEmmX/jk0CuJw4+3SqroYO9VoUh+HcuJivvtJemA=="],

    "signal-exit": ["signal-exit@4.1.0", "", {}, "sha512-bzyZ1e88w9O1iNJbKnOlvYTrWPDl46O1bG0D3XInv+9tkPrxrN8jUUTiFlDkkmKWgn1M6CfIA13SuGqOa9Korw=="],

    "smart-buffer": ["smart-buffer@4.2.0", "", {}, "sha512-94hK0Hh8rPqQl2xXc3HsaBoOXKV20MToPkcXvwbISWLEs+64sBq5kFgn2kJDHb1Pry9yrP0dxrCI9RRci7RXKg=="],

    "socks": ["socks@2.8.7", "", { "dependencies": { "ip-address": "^10.0.1", "smart-buffer": "^4.2.0" } }, "sha512-HLpt+uLy/pxB+bum/9DzAgiKS8CX1EvbWxI4zlmgGCExImLdiad2iCwXT5Z4c9c3Eq8rP2318mPW2c+QbtjK8A=="],

    "socks-proxy-agent": ["socks-proxy-agent@8.0.5", "", { "dependencies": { "agent-base": "^7.1.2", "debug": "^4.3.4", "socks": "^2.8.3" } }, "sha512-HehCEsotFqbPW9sJ8WVYB6UbmIMv7kUUORIF2Nncq4VQvBfNBLibW9YZR5dlYCSUhwcD628pRllm7n+E+YTzJw=="],

    "source-map": ["source-map@0.6.1", "", {}, "sha512-UjgapumWlbMhkBgzT7Ykc5YXUT46F0iKu8SGXq0bcwP5dz/h0Plj6enJqjz1Zbq2l5WaqYnrVbwWOWMyF3F47g=="],

    "steno": ["steno@0.4.4", "", { "dependencies": { "graceful-fs": "^4.1.3" } }, "sha512-EEHMVYHNXFHfGtgjNITnka0aHhiAlo93F7z2/Pwd+g0teG9CnM3JIINM7hVVB5/rhw9voufD7Wukwgtw2uqh6w=="],

    "streamx": ["streamx@2.22.1", "", { "dependencies": { "fast-fifo": "^1.3.2", "text-decoder": "^1.1.0" }, "optionalDependencies": { "bare-events": "^2.2.0" } }, "sha512-znKXEBxfatz2GBNK02kRnCXjV+AA4kjZIUxeWSr3UGirZMJfTE9uiwKHobnbgxWyL/JWro8tTq+vOqAK1/qbSA=="],

    "string-width": ["string-width@4.2.3", "", { "dependencies": { "emoji-regex": "^8.0.0", "is-fullwidth-code-point": "^3.0.0", "strip-ansi": "^6.0.1" } }, "sha512-wKyQRQpjJ0sIp62ErSZdGsjMJWsap5oRNihHhu6G7JVO/9jIB6UyevL+tXuOqrng8j/cxKTWyWUwvSTriiZz/g=="],

    "strip-ansi": ["strip-ansi@6.0.1", "", { "dependencies": { "ansi-regex": "^5.0.1" } }, "sha512-Y38VPSHcqkFrCpFnQ9vuSXmquuv5oXOKpGeT6aGrr3o3Gc9AlVa6JBfUSOCnbxGGZF+/0ooI7KrPuUSztUdU5A=="],

    "supports-color": ["supports-color@7.2.0", "", { "dependencies": { "has-flag": "^4.0.0" } }, "sha512-qpCAvRl9stuOHveKsn7HncJRvv501qIacKzQlO/+Lwxc9+0q2wLyv4Dfvt80/DPn2pqOBsJdDiogXGR9+OvwRw=="],

    "tar-fs": ["tar-fs@3.1.0", "", { "dependencies": { "pump": "^3.0.0", "tar-stream": "^3.1.5" }, "optionalDependencies": { "bare-fs": "^4.0.1", "bare-path": "^3.0.0" } }, "sha512-5Mty5y/sOF1YWj1J6GiBodjlDc05CUR8PKXrsnFAiSG0xA+GHeWLovaZPYUDXkH/1iKRf2+M5+OrRgzC7O9b7w=="],

    "tar-stream": ["tar-stream@3.1.7", "", { "dependencies": { "b4a": "^1.6.4", "fast-fifo": "^1.2.0", "streamx": "^2.15.0" } }, "sha512-qJj60CXt7IU1Ffyc3NJMjh6EkuCFej46zUqJ4J7pqYlThyd9bO0XBTmcOIhSzZJVWfsLks0+nle/j538YAW9RQ=="],

    "text-decoder": ["text-decoder@1.2.3", "", { "dependencies": { "b4a": "^1.6.4" } }, "sha512-3/o9z3X0X0fTupwsYvR03pJ/DjWuqqrfwBgTQzdWDiQSm9KitAyz/9WqsT2JQW7KV2m+bC2ol/zqpW37NHxLaA=="],

    "tiny-invariant": ["tiny-invariant@1.3.3", "", {}, "sha512-+FbBPE1o9QAYvviau/qC5SE3caw21q3xkvWKBtja5vgqOWIHHJ3ioaq1VPfn/Szqctz2bU/oYeKd9/z5BL+PVg=="],

    "tr46": ["tr46@0.0.3", "", {}, "sha512-N3WMsuqV66lT30CrXNbEjx4GEwlow3v6rr4mCcv6prnfwhS01rkgyFdjPNBYd9br7LpXV1+Emh01fHnq2Gdgrw=="],

    "tslib": ["tslib@2.8.1", "", {}, "sha512-oJFu94HQb+KVduSUQL7wnpmqnfmLsOA/nAh6b6EH0wCEoK0/mPeXU6c3wKDV83MkOuHPRHtSXKKU99IBazS/2w=="],

    "type-fest": ["type-fest@0.21.3", "", {}, "sha512-t0rzBq87m3fVcduHDUFhKmyyX+9eo6WQjZvf51Ea/M0Q7+T374Jp1aUiyUl0GKxp8M/OETVHSDvmkyPgvX+X2w=="],

    "typed-query-selector": ["typed-query-selector@2.12.0", "", {}, "sha512-SbklCd1F0EiZOyPiW192rrHZzZ5sBijB6xM+cpmrwDqObvdtunOHHIk9fCGsoK5JVIYXoyEp4iEdE3upFH3PAg=="],

    "typescript": ["typescript@4.9.5", "", { "bin": { "tsc": "bin/tsc", "tsserver": "bin/tsserver" } }, "sha512-1FXk9E2Hm+QzZQ7z+McJiHL4NW1F2EzMu9Nq9i3zAaGqibafqYwCVU6WyWAuyQRRzOlxou8xZSyXLEN8oKj24g=="],

    "webidl-conversions": ["webidl-conversions@3.0.1", "", {}, "sha512-2JAn3z8AR6rjK8Sm8orRC0h/bcl/DqL7tRPdGZ4I1CjdF+EaMLmYxBHyXuKL849eucPFhvBoxMsflfOb8kxaeQ=="],

    "whatwg-fetch": ["whatwg-fetch@3.6.20", "", {}, "sha512-EqhiFU6daOA8kpjOWTL0olhVOF3i7OrFzSYiGsEMB8GcXS+RrzauAERX65xMeNWVqxA6HXH2m69Z9LaKKdisfg=="],

    "whatwg-url": ["whatwg-url@5.0.0", "", { "dependencies": { "tr46": "~0.0.3", "webidl-conversions": "^3.0.0" } }, "sha512-saE57nupxk6v3HY35+jzBwYa0rKSy0XR8JSxZPwgLr7ys0IBzhGviA1/TUGJLmSVqs8pb9AnvICXEuOHLprYTw=="],

    "wrap-ansi": ["wrap-ansi@6.2.0", "", { "dependencies": { "ansi-styles": "^4.0.0", "string-width": "^4.1.0", "strip-ansi": "^6.0.0" } }, "sha512-r6lPcBGxZXlIcymEu7InxDMhdW0KDxpLgoFLcguasxCaJ/SOIZwINatK9KY/tf+ZrlywOKU0UDj3ATXUBfxJXA=="],

    "wrappy": ["wrappy@1.0.2", "", {}, "sha512-l4Sp/DRseor9wL6EvV2+TuQn63dMkPjZ/sp9XkghTEbV9KlPS1xUsZ3u7/IQO4wxtcFB4bgpQPRcR3QCvezPcQ=="],

    "ws": ["ws@8.18.3", "", { "peerDependencies": { "bufferutil": "^4.0.1", "utf-8-validate": ">=5.0.2" }, "optionalPeers": ["bufferutil", "utf-8-validate"] }, "sha512-PEIGCY5tSlUt50cqyMXfCzX+oOPqN0vuGqWzbcJ2xvnkzkq46oOpz7dQaTDBdfICb4N14+GARUDw2XV2N4tvzg=="],

    "y18n": ["y18n@5.0.8", "", {}, "sha512-0pfFzegeDWJHJIAmTLRP2DwHjdF5s7jo9tuztdQxAhINCdvS+3nGINqPd00AphqJR/0LhANUS6/+7SCb98YOfA=="],

    "yargs": ["yargs@17.7.2", "", { "dependencies": { "cliui": "^8.0.1", "escalade": "^3.1.1", "get-caller-file": "^2.0.5", "require-directory": "^2.1.1", "string-width": "^4.2.3", "y18n": "^5.0.5", "yargs-parser": "^21.1.1" } }, "sha512-7dSzzRQ++CKnNI/krKnYRV7JKKPUXMEh61soaHKg9mrWEhzFWhFnxPxGl+69cD1Ou63C13NUPCnmIcrvqCuM6w=="],

    "yargs-parser": ["yargs-parser@21.1.1", "", {}, "sha512-tVpsJW7DdjecAiFpbIB1e3qxIQsE6NoPc5/eTdrbbIC4h0LVsWhnoa3g+m2HclBIujHzsxZ4VJVA+GUuc2/LBw=="],

    "yauzl": ["yauzl@2.10.0", "", { "dependencies": { "buffer-crc32": "~0.2.3", "fd-slicer": "~1.1.0" } }, "sha512-p4a9I6X6nu6IhoGmBqAcbJy1mlC4j27vEPZX9F4L4/vZT3Lyq1VkFHw/V/PUcB9Buo+DG3iHkT0x3Qya58zc3g=="],

    "yoctocolors-cjs": ["yoctocolors-cjs@2.1.3", "", {}, "sha512-U/PBtDf35ff0D8X8D0jfdzHYEPFxAI7jJlxZXwCSez5M3190m+QobIfh+sWDWSHMCWWJN2AWamkegn6vr6YBTw=="],

    "zod": ["zod@3.25.76", "", {}, "sha512-gzUt/qt81nXsFGKIFcC3YnfEAx5NkunCfnDlvuBSSFS02bcXu4Lmea0AFIUwbLWxWPx3d9p8S5QoaujKcNQxcQ=="],

    "cliui/wrap-ansi": ["wrap-ansi@7.0.0", "", { "dependencies": { "ansi-styles": "^4.0.0", "string-width": "^4.1.0", "strip-ansi": "^6.0.0" } }, "sha512-YVGIj2kamLSTxw6NsZjoBxfSwsn0ycdesmc4p+Q21c5zPuZ1pl+NfxVdxPtdHvmNVOQ6XSYG4AUtyt/Fi7D16Q=="],
  }
}
